
Microsoft Visual Studio Solution File, Format Version 12.00
# Visual Studio Version 16
VisualStudioVersion = 16.0.31729.503
MinimumVisualStudioVersion = 10.0.40219.1
Project("{FAE04EC0-301F-11D3-BF4B-00C04F79EFBC}") = "ProjectName", "ProjectName\ProjectName.csproj", "{72560133-57C6-4634-9C9E-7B649EE68688}"
EndProject
Project("{FAE04EC0-301F-11D3-BF4B-00C04F79EFBC}") = "ClassLibrary1", "ClassLibrary1\ClassLibrary1.csproj", "{31789438-B539-415A-9B42-98C6531F07DD}"
EndProject
Global
	GlobalSection(SolutionConfigurationPlatforms) = preSolution
		Debug|Any CPU = Debug|Any CPU
		Release|Any CPU = Release|Any CPU
	EndGlobalSection
	GlobalSection(ProjectConfigurationPlatforms) = postSolution
		{72560133-57C6-4634-9C9E-7B649EE68688}.Debug|Any CPU.ActiveCfg = Debug|Any CPU
		{72560133-57C6-4634-9C9E-7B649EE68688}.Debug|Any CPU.Build.0 = Debug|Any CPU
		{72560133-57C6-4634-9C9E-7B649EE68688}.Release|Any CPU.ActiveCfg = Release|Any CPU
		{72560133-57C6-4634-9C9E-7B649EE68688}.Release|Any CPU.Build.0 = Release|Any CPU
		{31789438-B539-415A-9B42-98C6531F07DD}.Debug|Any CPU.ActiveCfg = Debug|Any CPU
		{31789438-B539-415A-9B42-98C6531F07DD}.Debug|Any CPU.Build.0 = Debug|Any CPU
		{31789438-B539-415A-9B42-98C6531F07DD}.Release|Any CPU.ActiveCfg = Release|Any CPU
		{31789438-B539-415A-9B42-98C6531F07DD}.Release|Any CPU.Build.0 = Release|Any CPU
	EndGlobalSection
	GlobalSection(SolutionProperties) = preSolution
		HideSolutionNode = FALSE
	EndGlobalSection
	GlobalSection(ExtensibilityGlobals) = postSolution
		SolutionGuid = {DB6A38ED-152F-4EE0-B7FB-1907FCCCE6EF}
	EndGlobalSection
EndGlobal
